
Microsoft Visual Studio Solution File, Format Version 12.00
# Visual Studio Version 17
VisualStudioVersion = 17.4.33110.190
MinimumVisualStudioVersion = 10.0.40219.1
Project("{9A19103F-16F7-4668-BE54-9A1E7A4F7556}") = "ConcurrentProcessor", "src\PaymentFileProcessor\ConcurrentProcessor.csproj", "{0EBDB539-9A0F-4471-87C8-621620EE37AF}"
EndProject
Global
	GlobalSection(SolutionConfigurationPlatforms) = preSolution
		Debug|Any CPU = Debug|Any CPU
		Release|Any CPU = Release|Any CPU
	EndGlobalSection
	GlobalSection(ProjectConfigurationPlatforms) = postSolution
		{0EBDB539-9A0F-4471-87C8-621620EE37AF}.Debug|Any CPU.ActiveCfg = Debug|Any CPU
		{0EBDB539-9A0F-4471-87C8-621620EE37AF}.Debug|Any CPU.Build.0 = Debug|Any CPU
		{0EBDB539-9A0F-4471-87C8-621620EE37AF}.Release|Any CPU.ActiveCfg = Release|Any CPU
		{0EBDB539-9A0F-4471-87C8-621620EE37AF}.Release|Any CPU.Build.0 = Release|Any CPU
	EndGlobalSection
	GlobalSection(SolutionProperties) = preSolution
		HideSolutionNode = FALSE
	EndGlobalSection
	GlobalSection(ExtensibilityGlobals) = postSolution
		SolutionGuid = {DA693CCB-4D32-4405-9BEC-A629F7BF1560}
	EndGlobalSection
EndGlobal
